
Microsoft Visual Studio Solution File, Format Version 12.00
# Visual Studio 15
Project("{FAE04EC0-301F-11D3-BF4B-00C04F79EFBC}") = "Assignment10", "Assembly-CSharp.csproj", "{1A2E6CC7-C05D-AB32-EDB8-3CCCA10F3C4D}"
EndProject
Project("{FAE04EC0-301F-11D3-BF4B-00C04F79EFBC}") = "Assignment10", "Assembly-CSharp-firstpass.csproj", "{68AAC5BA-92EF-5497-CF6B-74D6992DE7B8}"
EndProject
Project("{FAE04EC0-301F-11D3-BF4B-00C04F79EFBC}") = "Assignment10", "Assembly-CSharp-Editor-firstpass.csproj", "{D213DD47-8A80-83EC-93CB-9CAD80519EE9}"
EndProject
Global
	GlobalSection(SolutionConfigurationPlatforms) = preSolution
		Debug|Any CPU = Debug|Any CPU
		Release|Any CPU = Release|Any CPU
	EndGlobalSection
	GlobalSection(ProjectConfigurationPlatforms) = postSolution
		{1A2E6CC7-C05D-AB32-EDB8-3CCCA10F3C4D}.Debug|Any CPU.ActiveCfg = Debug|Any CPU
		{1A2E6CC7-C05D-AB32-EDB8-3CCCA10F3C4D}.Debug|Any CPU.Build.0 = Debug|Any CPU
		{1A2E6CC7-C05D-AB32-EDB8-3CCCA10F3C4D}.Release|Any CPU.ActiveCfg = Release|Any CPU
		{1A2E6CC7-C05D-AB32-EDB8-3CCCA10F3C4D}.Release|Any CPU.Build.0 = Release|Any CPU
		{68AAC5BA-92EF-5497-CF6B-74D6992DE7B8}.Debug|Any CPU.ActiveCfg = Debug|Any CPU
		{68AAC5BA-92EF-5497-CF6B-74D6992DE7B8}.Debug|Any CPU.Build.0 = Debug|Any CPU
		{68AAC5BA-92EF-5497-CF6B-74D6992DE7B8}.Release|Any CPU.ActiveCfg = Release|Any CPU
		{68AAC5BA-92EF-5497-CF6B-74D6992DE7B8}.Release|Any CPU.Build.0 = Release|Any CPU
		{D213DD47-8A80-83EC-93CB-9CAD80519EE9}.Debug|Any CPU.ActiveCfg = Debug|Any CPU
		{D213DD47-8A80-83EC-93CB-9CAD80519EE9}.Debug|Any CPU.Build.0 = Debug|Any CPU
		{D213DD47-8A80-83EC-93CB-9CAD80519EE9}.Release|Any CPU.ActiveCfg = Release|Any CPU
		{D213DD47-8A80-83EC-93CB-9CAD80519EE9}.Release|Any CPU.Build.0 = Release|Any CPU
	EndGlobalSection
	GlobalSection(SolutionProperties) = preSolution
		HideSolutionNode = FALSE
	EndGlobalSection
EndGlobal
